<?xml version="1.0" encoding="utf-8"?>
<Project ToolsVersion="4.0" xmlns="http://schemas.microsoft.com/developer/msbuild/2003">
  <ItemGroup>
    <Filter Include="Header Files">
      <UniqueIdentifier>{93995380-89BD-4b04-88EB-625FBE52EBFB}</UniqueIdentifier>
      <Extensions>h;hpp;hxx;hm;inl;inc;xsd</Extensions>
    </Filter>
    <Filter Include="Source Files">
      <UniqueIdentifier>{4FC737F1-C7A5-4376-A066-2A32D752A2FF}</UniqueIdentifier>
      <Extensions>cpp;c;cc;cxx;def;odl;idl;hpj;bat;asm;asmx</Extensions>
    </Filter>
    <Filter Include="Resource Files">
      <UniqueIdentifier>{67DA6AB6-F800-4c08-8B7A-83BB121AAD01}</UniqueIdentifier>
      <Extensions>rc;ico;cur;bmp;dlg;rc2;rct;bin;rgs;gif;jpg;jpeg;jpe;resx;tiff;tif;png;wav;mfcribbon-ms</Extensions>
    </Filter>
    <Filter Include="Header Files\logic">
      <UniqueIdentifier>{c62ae350-de0d-43ea-a165-3c6765d3f1b3}</UniqueIdentifier>
    </Filter>
    <Filter Include="Source Files\logic">
      <UniqueIdentifier>{4ce08897-2021-4731-9533-627b73e2c4f3}</UniqueIdentifier>
    </Filter>
    <Filter Include="Source Files\interface">
      <UniqueIdentifier>{55f0f300-2271-47ea-9f10-d2206870b82d}</UniqueIdentifier>
    </Filter>
    <Filter Include="Header Files\interface">
      <UniqueIdentifier>{75014379-dd2c-4129-844c-2d27a0bec986}</UniqueIdentifier>
    </Filter>
  </ItemGroup>
  <ItemGroup>
    <ClInclude Include="stdafx.h">
      <Filter>Header Files</Filter>
    </ClInclude>
    <ClInclude Include="targetver.h">
      <Filter>Header Files</Filter>
    </ClInclude>
    <ClInclude Include="..\include\constdef.h">
      <Filter>Header Files</Filter>
    </ClInclude>
    <ClInclude Include="..\include\globalheader.h">
      <Filter>Header Files</Filter>
    </ClInclude>
    <ClInclude Include="..\include\siptoolcommonop.h">
      <Filter>Header Files</Filter>
    </ClInclude>
    <ClInclude Include="..\include\siptoolmsgmanager.h">
      <Filter>Header Files</Filter>
    </ClInclude>
    <ClInclude Include="..\include\system.h">
      <Filter>Header Files</Filter>
    </ClInclude>
    <ClInclude Include="siptoolDlg.h">
      <Filter>Header Files</Filter>
    </ClInclude>
    <ClInclude Include="siptool.h">
      <Filter>Header Files</Filter>
    </ClInclude>
    <ClInclude Include="resource.h">
      <Filter>Header Files</Filter>
    </ClInclude>
    <ClInclude Include="..\include\loginlogic.h">
      <Filter>Header Files\logic</Filter>
    </ClInclude>
    <ClInclude Include="..\include\siptoolinterface.h">
      <Filter>Header Files\interface</Filter>
    </ClInclude>
    <ClInclude Include="..\include\mainframelogic.h">
      <Filter>Header Files\logic</Filter>
    </ClInclude>
    <ClInclude Include="..\include\cascadecfglogic.h">
      <Filter>Header Files\logic</Filter>
    </ClInclude>
    <ClInclude Include="..\include\neighborcfglogic.h">
      <Filter>Header Files\logic</Filter>
    </ClInclude>
    <ClInclude Include="..\include\localareanumcfglogic.h">
      <Filter>Header Files\logic</Filter>
    </ClInclude>
    <ClInclude Include="..\include\neiregserveraddlogic.h">
      <Filter>Header Files\logic</Filter>
    </ClInclude>
    <ClInclude Include="..\include\messageboxlogic.h">
      <Filter>Header Files\logic</Filter>
    </ClInclude>
  </ItemGroup>
  <ItemGroup>
    <ClCompile Include="stdafx.cpp">
      <Filter>Source Files</Filter>
    </ClCompile>
    <ClCompile Include="..\source\siptoolcommonop.cpp">
      <Filter>Source Files</Filter>
    </ClCompile>
    <ClCompile Include="..\source\siptoolmsgmanager.cpp">
      <Filter>Source Files</Filter>
    </ClCompile>
    <ClCompile Include="..\source\system.cpp">
      <Filter>Source Files</Filter>
    </ClCompile>
    <ClCompile Include="siptoolDlg.cpp">
      <Filter>Source Files</Filter>
    </ClCompile>
    <ClCompile Include="siptool.cpp">
      <Filter>Source Files</Filter>
    </ClCompile>
    <ClCompile Include="..\source\loginlogic.cpp">
      <Filter>Source Files\logic</Filter>
    </ClCompile>
    <ClCompile Include="..\source\siptoolinterface.cpp">
      <Filter>Source Files\interface</Filter>
    </ClCompile>
    <ClCompile Include="..\source\siptoolsysctrlif.cpp">
      <Filter>Source Files\interface</Filter>
    </ClCompile>
    <ClCompile Include="..\source\mainframelogic.cpp">
      <Filter>Source Files\logic</Filter>
    </ClCompile>
    <ClCompile Include="..\source\cascadecfglogic.cpp">
      <Filter>Source Files\logic</Filter>
    </ClCompile>
    <ClCompile Include="..\source\neighborcfglogic.cpp">
      <Filter>Source Files\logic</Filter>
    </ClCompile>
    <ClCompile Include="..\source\localareanumcfglogic.cpp">
      <Filter>Source Files\logic</Filter>
    </ClCompile>
    <ClCompile Include="..\source\neiregserveraddlogic.cpp">
      <Filter>Source Files\logic</Filter>
    </ClCompile>
    <ClCompile Include="..\source\messageboxlogic.cpp">
      <Filter>Source Files\logic</Filter>
    </ClCompile>
  </ItemGroup>
  <ItemGroup>
    <ResourceCompile Include="SipTool.rc">
      <Filter>Resource Files</Filter>
    </ResourceCompile>
  </ItemGroup>
  <ItemGroup>
    <None Include="res\siptool.ico">
      <Filter>Resource Files</Filter>
    </None>
  </ItemGroup>
</Project>