
Microsoft Visual Studio Solution File, Format Version 11.00
# Visual Studio 2010
Project("{8BC9CEB8-8B4A-11D0-8D11-00A0C91BC942}") = "SipTool", "SipTool.vcxproj", "{928C9F26-134C-4388-8421-C7E7ABBA839D}"
	ProjectSection(ProjectDependencies) = postProject
		{66FA6057-6821-43B1-BC47-2EF7A756AB27} = {66FA6057-6821-43B1-BC47-2EF7A756AB27}
		{E106ACD7-4E53-4AEE-942B-D0DD426DB34E} = {E106ACD7-4E53-4AEE-942B-D0DD426DB34E}
		{E14822FA-DCD2-4F4D-2E05-5D7345D45F9E} = {E14822FA-DCD2-4F4D-2E05-5D7345D45F9E}
	EndProjectSection
EndProject
Project("{8BC9CEB8-8B4A-11D0-8D11-00A0C91BC942}") = "AppFrame", "..\..\AppFrame\prj_win32\AppFrame.vcxproj", "{E14822FA-DCD2-4F4D-2E05-5D7345D45F9E}"
EndProject
Project("{8BC9CEB8-8B4A-11D0-8D11-00A0C91BC942}") = "DuiLib", "..\..\duilib\DuiLib.vcxproj", "{E106ACD7-4E53-4AEE-942B-D0DD426DB34E}"
EndProject
Project("{8BC9CEB8-8B4A-11D0-8D11-00A0C91BC942}") = "SipToolLib", "..\..\SipToolLib\prj_win32\SipToolLib.vcxproj", "{66FA6057-6821-43B1-BC47-2EF7A756AB27}"
EndProject
Global
	GlobalSection(SolutionConfigurationPlatforms) = preSolution
		Debug|Win32 = Debug|Win32
		Release|Win32 = Release|Win32
		Unicode_Debug|Win32 = Unicode_Debug|Win32
		Unicode_Release|Win32 = Unicode_Release|Win32
	EndGlobalSection
	GlobalSection(ProjectConfigurationPlatforms) = postSolution
		{928C9F26-134C-4388-8421-C7E7ABBA839D}.Debug|Win32.ActiveCfg = Debug|Win32
		{928C9F26-134C-4388-8421-C7E7ABBA839D}.Debug|Win32.Build.0 = Debug|Win32
		{928C9F26-134C-4388-8421-C7E7ABBA839D}.Release|Win32.ActiveCfg = Release|Win32
		{928C9F26-134C-4388-8421-C7E7ABBA839D}.Release|Win32.Build.0 = Release|Win32
		{928C9F26-134C-4388-8421-C7E7ABBA839D}.Unicode_Debug|Win32.ActiveCfg = Debug|Win32
		{928C9F26-134C-4388-8421-C7E7ABBA839D}.Unicode_Debug|Win32.Build.0 = Debug|Win32
		{928C9F26-134C-4388-8421-C7E7ABBA839D}.Unicode_Release|Win32.ActiveCfg = Release|Win32
		{928C9F26-134C-4388-8421-C7E7ABBA839D}.Unicode_Release|Win32.Build.0 = Release|Win32
		{E14822FA-DCD2-4F4D-2E05-5D7345D45F9E}.Debug|Win32.ActiveCfg = Unicode_Debug|Win32
		{E14822FA-DCD2-4F4D-2E05-5D7345D45F9E}.Debug|Win32.Build.0 = Unicode_Debug|Win32
		{E14822FA-DCD2-4F4D-2E05-5D7345D45F9E}.Release|Win32.ActiveCfg = Release|Win32
		{E14822FA-DCD2-4F4D-2E05-5D7345D45F9E}.Release|Win32.Build.0 = Release|Win32
		{E14822FA-DCD2-4F4D-2E05-5D7345D45F9E}.Unicode_Debug|Win32.ActiveCfg = Unicode_Debug|Win32
		{E14822FA-DCD2-4F4D-2E05-5D7345D45F9E}.Unicode_Debug|Win32.Build.0 = Unicode_Debug|Win32
		{E14822FA-DCD2-4F4D-2E05-5D7345D45F9E}.Unicode_Release|Win32.ActiveCfg = Unicode_Release|Win32
		{E14822FA-DCD2-4F4D-2E05-5D7345D45F9E}.Unicode_Release|Win32.Build.0 = Unicode_Release|Win32
		{E106ACD7-4E53-4AEE-942B-D0DD426DB34E}.Debug|Win32.ActiveCfg = Unicode_Debug|Win32
		{E106ACD7-4E53-4AEE-942B-D0DD426DB34E}.Debug|Win32.Build.0 = Unicode_Debug|Win32
		{E106ACD7-4E53-4AEE-942B-D0DD426DB34E}.Release|Win32.ActiveCfg = Release|Win32
		{E106ACD7-4E53-4AEE-942B-D0DD426DB34E}.Release|Win32.Build.0 = Release|Win32
		{E106ACD7-4E53-4AEE-942B-D0DD426DB34E}.Unicode_Debug|Win32.ActiveCfg = Unicode_Debug|Win32
		{E106ACD7-4E53-4AEE-942B-D0DD426DB34E}.Unicode_Debug|Win32.Build.0 = Unicode_Debug|Win32
		{E106ACD7-4E53-4AEE-942B-D0DD426DB34E}.Unicode_Release|Win32.ActiveCfg = Unicode_Release|Win32
		{E106ACD7-4E53-4AEE-942B-D0DD426DB34E}.Unicode_Release|Win32.Build.0 = Unicode_Release|Win32
		{66FA6057-6821-43B1-BC47-2EF7A756AB27}.Debug|Win32.ActiveCfg = Debug|Win32
		{66FA6057-6821-43B1-BC47-2EF7A756AB27}.Debug|Win32.Build.0 = Debug|Win32
		{66FA6057-6821-43B1-BC47-2EF7A756AB27}.Release|Win32.ActiveCfg = Release|Win32
		{66FA6057-6821-43B1-BC47-2EF7A756AB27}.Release|Win32.Build.0 = Release|Win32
		{66FA6057-6821-43B1-BC47-2EF7A756AB27}.Unicode_Debug|Win32.ActiveCfg = Debug|Win32
		{66FA6057-6821-43B1-BC47-2EF7A756AB27}.Unicode_Debug|Win32.Build.0 = Debug|Win32
		{66FA6057-6821-43B1-BC47-2EF7A756AB27}.Unicode_Release|Win32.ActiveCfg = Release|Win32
		{66FA6057-6821-43B1-BC47-2EF7A756AB27}.Unicode_Release|Win32.Build.0 = Release|Win32
	EndGlobalSection
	GlobalSection(SolutionProperties) = preSolution
		HideSolutionNode = FALSE
	EndGlobalSection
EndGlobal
