<?xml version="1.0" encoding="utf-8"?>
<Project ToolsVersion="4.0" xmlns="http://schemas.microsoft.com/developer/msbuild/2003">
  <ItemGroup>
    <Filter Include="Header Files">
      <UniqueIdentifier>{93995380-89BD-4b04-88EB-625FBE52EBFB}</UniqueIdentifier>
      <Extensions>h;hpp;hxx;hm;inl;inc;xsd</Extensions>
    </Filter>
    <Filter Include="Source Files">
      <UniqueIdentifier>{4FC737F1-C7A5-4376-A066-2A32D752A2FF}</UniqueIdentifier>
      <Extensions>cpp;c;cc;cxx;def;odl;idl;hpj;bat;asm;asmx</Extensions>
    </Filter>
    <Filter Include="Source Files\logic">
      <UniqueIdentifier>{b99a74f4-8e4e-4bf5-a803-422ed47b62ae}</UniqueIdentifier>
    </Filter>
    <Filter Include="Header Files\logic">
      <UniqueIdentifier>{ddd0d382-10f4-4918-a846-945923537f80}</UniqueIdentifier>
    </Filter>
  </ItemGroup>
  <ItemGroup>
    <None Include="ReadMe.txt" />
  </ItemGroup>
  <ItemGroup>
    <ClCompile Include="..\source\siptoollib.cpp">
      <Filter>Source Files</Filter>
    </ClCompile>
    <ClCompile Include="..\source\siptoolsession.cpp">
      <Filter>Source Files</Filter>
    </ClCompile>
    <ClCompile Include="..\source\siptoolmsgrecver.cpp">
      <Filter>Source Files</Filter>
    </ClCompile>
    <ClCompile Include="..\source\siptoolsysctrl.cpp">
      <Filter>Source Files\logic</Filter>
    </ClCompile>
    <ClCompile Include="..\source\siptoolprintctrl.cpp">
      <Filter>Source Files</Filter>
    </ClCompile>
    <ClCompile Include="..\source\siptoolmsgdriver.cpp">
      <Filter>Source Files</Filter>
    </ClCompile>
    <ClCompile Include="..\source\kdvdispevent.cpp">
      <Filter>Source Files</Filter>
    </ClCompile>
  </ItemGroup>
  <ItemGroup>
    <ClInclude Include="..\include\siptoolsession.h">
      <Filter>Header Files</Filter>
    </ClInclude>
    <ClInclude Include="..\include\siptoolmsgdriver.h">
      <Filter>Header Files</Filter>
    </ClInclude>
    <ClInclude Include="..\include\siptoolmsgrecver.h">
      <Filter>Header Files</Filter>
    </ClInclude>
    <ClInclude Include="..\include\siptoolsysctrl.h">
      <Filter>Header Files\logic</Filter>
    </ClInclude>
  </ItemGroup>
</Project>